
Microsoft Visual Studio Solution File, Format Version 12.00
# Visual Studio 15
VisualStudioVersion = 15.0.28307.1145
MinimumVisualStudioVersion = 10.0.40219.1
Project("{FAE04EC0-301F-11D3-BF4B-00C04F79EFBC}") = "MagicMatrix", "MagicMatrix\MagicMatrix.csproj", "{A74B2066-6A52-45FF-86A9-A14F376C0AA2}"
EndProject
Global
	GlobalSection(SolutionConfigurationPlatforms) = preSolution
		Debug|Any CPU = Debug|Any CPU
		Release|Any CPU = Release|Any CPU
	EndGlobalSection
	GlobalSection(ProjectConfigurationPlatforms) = postSolution
		{A74B2066-6A52-45FF-86A9-A14F376C0AA2}.Debug|Any CPU.ActiveCfg = Debug|Any CPU
		{A74B2066-6A52-45FF-86A9-A14F376C0AA2}.Debug|Any CPU.Build.0 = Debug|Any CPU
		{A74B2066-6A52-45FF-86A9-A14F376C0AA2}.Release|Any CPU.ActiveCfg = Release|Any CPU
		{A74B2066-6A52-45FF-86A9-A14F376C0AA2}.Release|Any CPU.Build.0 = Release|Any CPU
	EndGlobalSection
	GlobalSection(SolutionProperties) = preSolution
		HideSolutionNode = FALSE
	EndGlobalSection
	GlobalSection(ExtensibilityGlobals) = postSolution
		SolutionGuid = {41A33672-4486-4D3F-B20E-376B6D9B8259}
	EndGlobalSection
EndGlobal
